
Microsoft Visual Studio Solution File, Format Version 12.00
# Visual Studio Version 17
VisualStudioVersion = 17.7.34031.279
MinimumVisualStudioVersion = 10.0.40219.1
Project("{FAE04EC0-301F-11D3-BF4B-00C04F79EFBC}") = "demo-backend-on-githuab-actions", "demo-backend-on-githuab-actions\demo-backend-on-githuab-actions.csproj", "{363A5451-1A8E-47A5-806B-8E34E041AEAC}"
EndProject
Global
	GlobalSection(SolutionConfigurationPlatforms) = preSolution
		Debug|Any CPU = Debug|Any CPU
		Release|Any CPU = Release|Any CPU
	EndGlobalSection
	GlobalSection(ProjectConfigurationPlatforms) = postSolution
		{363A5451-1A8E-47A5-806B-8E34E041AEAC}.Debug|Any CPU.ActiveCfg = Debug|Any CPU
		{363A5451-1A8E-47A5-806B-8E34E041AEAC}.Debug|Any CPU.Build.0 = Debug|Any CPU
		{363A5451-1A8E-47A5-806B-8E34E041AEAC}.Release|Any CPU.ActiveCfg = Release|Any CPU
		{363A5451-1A8E-47A5-806B-8E34E041AEAC}.Release|Any CPU.Build.0 = Release|Any CPU
	EndGlobalSection
	GlobalSection(SolutionProperties) = preSolution
		HideSolutionNode = FALSE
	EndGlobalSection
	GlobalSection(ExtensibilityGlobals) = postSolution
		SolutionGuid = {1CA0E688-0269-4D03-9601-ABEA6CD236FC}
	EndGlobalSection
EndGlobal
